# This file is automatically @generated by Cargo.
# It is not intended for manual editing.
version = 3

[[package]]
name = "adork"
version = "0.1.0"
dependencies = [
 "indoc",
 "smallvec",
]

[[package]]
name = "adork-cli"
version = "0.1.0"

[[package]]
name = "indoc"
version = "2.0.2"
source = "registry+https://github.com/rust-lang/crates.io-index"
checksum = "761cde40c27e2a9877f8c928fd248b7eec9dd48623dd514b256858ca593fbba7"

[[package]]
name = "smallvec"
version = "1.11.0"
source = "registry+https://github.com/rust-lang/crates.io-index"
checksum = "62bb4feee49fdd9f707ef802e22365a35de4b7b299de4763d44bfea899442ff9"

[[package]]
name = "test-utils"
version = "0.1.0"
